
Microsoft Visual Studio Solution File, Format Version 12.00
# Visual Studio Version 16
VisualStudioVersion = 16.0.31727.386
MinimumVisualStudioVersion = 10.0.40219.1
Project("{FAE04EC0-301F-11D3-BF4B-00C04F79EFBC}") = "WeightliftingCalculator.App", "WeightliftingCalculator\WeightliftingCalculator.App.csproj", "{A88C3184-BA6D-43C1-84A7-0570B3286EBF}"
EndProject
Project("{FAE04EC0-301F-11D3-BF4B-00C04F79EFBC}") = "WeightliftingCalculator.Tests", "WeightliftingCalculator.Tests\WeightliftingCalculator.Tests.csproj", "{13101A80-2A6A-4BE8-BADC-0570E41DEDFE}"
EndProject
Global
	GlobalSection(SolutionConfigurationPlatforms) = preSolution
		Debug|Any CPU = Debug|Any CPU
		Release|Any CPU = Release|Any CPU
	EndGlobalSection
	GlobalSection(ProjectConfigurationPlatforms) = postSolution
		{A88C3184-BA6D-43C1-84A7-0570B3286EBF}.Debug|Any CPU.ActiveCfg = Debug|Any CPU
		{A88C3184-BA6D-43C1-84A7-0570B3286EBF}.Debug|Any CPU.Build.0 = Debug|Any CPU
		{A88C3184-BA6D-43C1-84A7-0570B3286EBF}.Release|Any CPU.ActiveCfg = Release|Any CPU
		{A88C3184-BA6D-43C1-84A7-0570B3286EBF}.Release|Any CPU.Build.0 = Release|Any CPU
		{13101A80-2A6A-4BE8-BADC-0570E41DEDFE}.Debug|Any CPU.ActiveCfg = Debug|Any CPU
		{13101A80-2A6A-4BE8-BADC-0570E41DEDFE}.Debug|Any CPU.Build.0 = Debug|Any CPU
		{13101A80-2A6A-4BE8-BADC-0570E41DEDFE}.Release|Any CPU.ActiveCfg = Release|Any CPU
		{13101A80-2A6A-4BE8-BADC-0570E41DEDFE}.Release|Any CPU.Build.0 = Release|Any CPU
	EndGlobalSection
	GlobalSection(SolutionProperties) = preSolution
		HideSolutionNode = FALSE
	EndGlobalSection
	GlobalSection(ExtensibilityGlobals) = postSolution
		SolutionGuid = {65EC801E-8731-4FA2-B609-94C8EF9C31A0}
	EndGlobalSection
EndGlobal
